PODS:
  - Compressor (0.1.0):
    - PureLayout (~> 3.0)
    - Tabman (~> 1.0)
  - Pageboy (2.1.0)
  - PureLayout (3.0.2)
  - Tabman (1.1.3):
    - Pageboy (~> 2.0)
    - PureLayout (~> 3.0)

DEPENDENCIES:
  - Compressor (from `./`)

EXTERNAL SOURCES:
  Compressor:
    :path: ./

SPEC CHECKSUMS:
  Compressor: f25b2815524253e0887176c0fcb188c8b4b79ace
  Pageboy: f137e98cdb92c1913401d9d3c8888951ff81a630
  PureLayout: 4d550abe49a94f24c2808b9b95db9131685fe4cd
  Tabman: e6d7a220ae6e580a8a6fd41ba41c5fae57cee5ac

PODFILE CHECKSUM: 138f0a667c478753ee68cf59f0e16b9efef3950b

COCOAPODS: 1.3.1
