PODS:
  - AutoInsetter (0.9.0)
  - Compressor (0.1.0):
    - AutoInsetter
    - Listenable (~> 2.0)
    - PureLayout (~> 3.0)
    - Tabman (~> 1.0)
  - Listenable (2.1.0)
  - Pageboy (2.3.1)
  - PureLayout (3.0.2)
  - Tabman (1.4.0):
    - Pageboy (~> 2.3.0)

DEPENDENCIES:
  - AutoInsetter (from `../AutoInsetter`)
  - Compressor (from `./`)

EXTERNAL SOURCES:
  AutoInsetter:
    :path: ../AutoInsetter
  Compressor:
    :path: ./

SPEC CHECKSUMS:
  AutoInsetter: 17798a495033caeb5e30a5c87675dad8f75dc2ba
  Compressor: bb18bebba29aea7ba40668836cbfcadb37660a4e
  Listenable: 6d19ccedd242f37d86bd7e49db955210ed01d2fd
  Pageboy: 761f33cb03c8ef27c69b803be1bccd04b71c80d1
  PureLayout: 4d550abe49a94f24c2808b9b95db9131685fe4cd
  Tabman: 348ff2d3fc88587ef60bae5bce6698a8e1984cc2

PODFILE CHECKSUM: 9de2e5993f137597b8affd01593419e10b7a52b0

COCOAPODS: 1.3.1
